
Microsoft Visual Studio Solution File, Format Version 12.00
# Visual Studio Version 17
VisualStudioVersion = 17.10.35013.160
MinimumVisualStudioVersion = 10.0.40219.1
Project("{FAE04EC0-301F-11D3-BF4B-00C04F79EFBC}") = "Hepsiburada-Seller-Information", "Hepsiburada-Seller-Information\Hepsiburada-Seller-Information.csproj", "{E591A1C9-5DDA-4B82-B2E7-9C253AB65241}"
EndProject
Global
	GlobalSection(SolutionConfigurationPlatforms) = preSolution
		Debug|Any CPU = Debug|Any CPU
		Release|Any CPU = Release|Any CPU
	EndGlobalSection
	GlobalSection(ProjectConfigurationPlatforms) = postSolution
		{E591A1C9-5DDA-4B82-B2E7-9C253AB65241}.Debug|Any CPU.ActiveCfg = Debug|Any CPU
		{E591A1C9-5DDA-4B82-B2E7-9C253AB65241}.Debug|Any CPU.Build.0 = Debug|Any CPU
		{E591A1C9-5DDA-4B82-B2E7-9C253AB65241}.Release|Any CPU.ActiveCfg = Release|Any CPU
		{E591A1C9-5DDA-4B82-B2E7-9C253AB65241}.Release|Any CPU.Build.0 = Release|Any CPU
	EndGlobalSection
	GlobalSection(SolutionProperties) = preSolution
		HideSolutionNode = FALSE
	EndGlobalSection
	GlobalSection(ExtensibilityGlobals) = postSolution
		SolutionGuid = {CBB7AAE0-9A79-47B7-A9CD-EE2CDCFF3904}
	EndGlobalSection
EndGlobal
